
Microsoft Visual Studio Solution File, Format Version 12.00
# Visual Studio 14
VisualStudioVersion = 14.0.24720.0
MinimumVisualStudioVersion = 10.0.40219.1
Project("{FAE04EC0-301F-11D3-BF4B-00C04F79EFBC}") = "Rogero.Autofac.Helpers", "Rogero.Autofac.Helpers\Rogero.Autofac.Helpers.csproj", "{110C6C96-51BC-4724-A4EC-C5E8BBF6CCEF}"
EndProject
Global
	GlobalSection(SolutionConfigurationPlatforms) = preSolution
		Debug|Any CPU = Debug|Any CPU
		Release|Any CPU = Release|Any CPU
	EndGlobalSection
	GlobalSection(ProjectConfigurationPlatforms) = postSolution
		{110C6C96-51BC-4724-A4EC-C5E8BBF6CCEF}.Debug|Any CPU.ActiveCfg = Debug|Any CPU
		{110C6C96-51BC-4724-A4EC-C5E8BBF6CCEF}.Debug|Any CPU.Build.0 = Debug|Any CPU
		{110C6C96-51BC-4724-A4EC-C5E8BBF6CCEF}.Release|Any CPU.ActiveCfg = Release|Any CPU
		{110C6C96-51BC-4724-A4EC-C5E8BBF6CCEF}.Release|Any CPU.Build.0 = Release|Any CPU
	EndGlobalSection
	GlobalSection(SolutionProperties) = preSolution
		HideSolutionNode = FALSE
	EndGlobalSection
EndGlobal
